version = 1
revision = 3
requires-python = "==3.14.*"

[manifest]
members = [
    "module-4-pydantic-ai",
    "rag-pipeline",
]

[[package]]
name = "module-4-pydantic-ai"
version = "0.1.0"
source = { virtual = "." }

[[package]]
name = "rag-pipeline"
version = "0.1.0"
source = { virtual = "RAG_Pipeline" }
